
Microsoft Visual Studio Solution File, Format Version 12.00
# Visual Studio Version 17
VisualStudioVersion = 17.3.32922.545
MinimumVisualStudioVersion = 10.0.40219.1
Project("{FAE04EC0-301F-11D3-BF4B-00C04F79EFBC}") = "awayDayPlanner", "awayDayPlanner\awayDayPlanner.csproj", "{9CA38ABE-BFE4-4DDA-8748-8D00AF066BBF}"
EndProject
Global
	GlobalSection(SolutionConfigurationPlatforms) = preSolution
		Debug|Any CPU = Debug|Any CPU
		Release|Any CPU = Release|Any CPU
	EndGlobalSection
	GlobalSection(ProjectConfigurationPlatforms) = postSolution
		{9CA38ABE-BFE4-4DDA-8748-8D00AF066BBF}.Debug|Any CPU.ActiveCfg = Debug|Any CPU
		{9CA38ABE-BFE4-4DDA-8748-8D00AF066BBF}.Debug|Any CPU.Build.0 = Debug|Any CPU
		{9CA38ABE-BFE4-4DDA-8748-8D00AF066BBF}.Release|Any CPU.ActiveCfg = Release|Any CPU
		{9CA38ABE-BFE4-4DDA-8748-8D00AF066BBF}.Release|Any CPU.Build.0 = Release|Any CPU
	EndGlobalSection
	GlobalSection(SolutionProperties) = preSolution
		HideSolutionNode = FALSE
	EndGlobalSection
	GlobalSection(ExtensibilityGlobals) = postSolution
		SolutionGuid = {E583072A-0DFF-447C-8FC8-BBDF0B8E3313}
	EndGlobalSection
EndGlobal
